
Microsoft Visual Studio Solution File, Format Version 12.00
# Visual Studio Version 17
VisualStudioVersion = 17.0.31903.59
MinimumVisualStudioVersion = 10.0.40219.1
Project("{FAE04EC0-301F-11D3-BF4B-00C04F79EFBC}") = "API", "API\API.csproj", "{79BBE85C-D2D8-4F69-BE64-2333525670B9}"
EndProject
Project("{FAE04EC0-301F-11D3-BF4B-00C04F79EFBC}") = "Application", "Application\Application.csproj", "{160F7A0A-AFB6-42BF-B6B4-DD66F5B50ED5}"
EndProject
Project("{FAE04EC0-301F-11D3-BF4B-00C04F79EFBC}") = "Domain", "Domain\Domain.csproj", "{B3BD4F30-AE50-47DB-B832-3EDB7C71B7B2}"
EndProject
Project("{FAE04EC0-301F-11D3-BF4B-00C04F79EFBC}") = "Persistence", "Persistence\Persistence.csproj", "{7ED635C6-4204-4CA8-9698-F25AF805B5F1}"
EndProject
Global
	GlobalSection(SolutionConfigurationPlatforms) = preSolution
		Debug|Any CPU = Debug|Any CPU
		Release|Any CPU = Release|Any CPU
	EndGlobalSection
	GlobalSection(SolutionProperties) = preSolution
		HideSolutionNode = FALSE
	EndGlobalSection
	GlobalSection(ProjectConfigurationPlatforms) = postSolution
		{79BBE85C-D2D8-4F69-BE64-2333525670B9}.Debug|Any CPU.ActiveCfg = Debug|Any CPU
		{79BBE85C-D2D8-4F69-BE64-2333525670B9}.Debug|Any CPU.Build.0 = Debug|Any CPU
		{79BBE85C-D2D8-4F69-BE64-2333525670B9}.Release|Any CPU.ActiveCfg = Release|Any CPU
		{79BBE85C-D2D8-4F69-BE64-2333525670B9}.Release|Any CPU.Build.0 = Release|Any CPU
		{160F7A0A-AFB6-42BF-B6B4-DD66F5B50ED5}.Debug|Any CPU.ActiveCfg = Debug|Any CPU
		{160F7A0A-AFB6-42BF-B6B4-DD66F5B50ED5}.Debug|Any CPU.Build.0 = Debug|Any CPU
		{160F7A0A-AFB6-42BF-B6B4-DD66F5B50ED5}.Release|Any CPU.ActiveCfg = Release|Any CPU
		{160F7A0A-AFB6-42BF-B6B4-DD66F5B50ED5}.Release|Any CPU.Build.0 = Release|Any CPU
		{B3BD4F30-AE50-47DB-B832-3EDB7C71B7B2}.Debug|Any CPU.ActiveCfg = Debug|Any CPU
		{B3BD4F30-AE50-47DB-B832-3EDB7C71B7B2}.Debug|Any CPU.Build.0 = Debug|Any CPU
		{B3BD4F30-AE50-47DB-B832-3EDB7C71B7B2}.Release|Any CPU.ActiveCfg = Release|Any CPU
		{B3BD4F30-AE50-47DB-B832-3EDB7C71B7B2}.Release|Any CPU.Build.0 = Release|Any CPU
		{7ED635C6-4204-4CA8-9698-F25AF805B5F1}.Debug|Any CPU.ActiveCfg = Debug|Any CPU
		{7ED635C6-4204-4CA8-9698-F25AF805B5F1}.Debug|Any CPU.Build.0 = Debug|Any CPU
		{7ED635C6-4204-4CA8-9698-F25AF805B5F1}.Release|Any CPU.ActiveCfg = Release|Any CPU
		{7ED635C6-4204-4CA8-9698-F25AF805B5F1}.Release|Any CPU.Build.0 = Release|Any CPU
	EndGlobalSection
EndGlobal
